
Microsoft Visual Studio Solution File, Format Version 12.00
# Visual Studio 15
VisualStudioVersion = 15.0.28307.852
MinimumVisualStudioVersion = 10.0.40219.1
Project("{FAE04EC0-301F-11D3-BF4B-00C04F79EFBC}") = "OP", "OP\OP.csproj", "{400910D0-F08F-4962-8DA5-C5188AF578A7}"
EndProject
Project("{9A19103F-16F7-4668-BE54-9A1E7A4F7556}") = "OperatTest", "OperatTest\OperatTest.csproj", "{4763A736-8B8A-45C7-8023-5A4F7D1AB380}"
EndProject
Global
	GlobalSection(SolutionConfigurationPlatforms) = preSolution
		Debug|Any CPU = Debug|Any CPU
		Release|Any CPU = Release|Any CPU
	EndGlobalSection
	GlobalSection(ProjectConfigurationPlatforms) = postSolution
		{400910D0-F08F-4962-8DA5-C5188AF578A7}.Debug|Any CPU.ActiveCfg = Debug|Any CPU
		{400910D0-F08F-4962-8DA5-C5188AF578A7}.Debug|Any CPU.Build.0 = Debug|Any CPU
		{400910D0-F08F-4962-8DA5-C5188AF578A7}.Release|Any CPU.ActiveCfg = Release|Any CPU
		{400910D0-F08F-4962-8DA5-C5188AF578A7}.Release|Any CPU.Build.0 = Release|Any CPU
		{4763A736-8B8A-45C7-8023-5A4F7D1AB380}.Debug|Any CPU.ActiveCfg = Debug|Any CPU
		{4763A736-8B8A-45C7-8023-5A4F7D1AB380}.Debug|Any CPU.Build.0 = Debug|Any CPU
		{4763A736-8B8A-45C7-8023-5A4F7D1AB380}.Release|Any CPU.ActiveCfg = Release|Any CPU
		{4763A736-8B8A-45C7-8023-5A4F7D1AB380}.Release|Any CPU.Build.0 = Release|Any CPU
	EndGlobalSection
	GlobalSection(SolutionProperties) = preSolution
		HideSolutionNode = FALSE
	EndGlobalSection
	GlobalSection(ExtensibilityGlobals) = postSolution
		SolutionGuid = {6F83D700-12E6-4DE1-B10D-A9D8B8137E72}
	EndGlobalSection
EndGlobal
